// !$*UTF8*$!
{
	archiveVersion = 1;
	classes = {
	};
	objectVersion = 46;
	objects = {

/* Begin PBXBuildFile section */
		49CD39B899EBCC89BD14D717 /* Pods.framework in Frameworks */ = {isa = PBXBuildFile; fileRef = 3A1CB30BFD31BED1D5BCF006 /* Pods.framework */; };
		8229DA671C6FC6E9000A04FF /* AppDelegate.swift in Sources */ = {isa = PBXBuildFile; fileRef = 8229DA661C6FC6E9000A04FF /* AppDelegate.swift */; };
		8229DA6C1C6FC6E9000A04FF /* Main.storyboard in Resources */ = {isa = PBXBuildFile; fileRef = 8229DA6A1C6FC6E9000A04FF /* Main.storyboard */; };
		8229DA6E1C6FC6E9000A04FF /* Assets.xcassets in Resources */ = {isa = PBXBuildFile; fileRef = 8229DA6D1C6FC6E9000A04FF /* Assets.xcassets */; };
		8229DA711C6FC6E9000A04FF /* LaunchScreen.storyboard in Resources */ = {isa = PBXBuildFile; fileRef = 8229DA6F1C6FC6E9000A04FF /* LaunchScreen.storyboard */; };
		82AD4B851C6FD9D8002F9E8E /* MoviesViewController.swift in Sources */ = {isa = PBXBuildFile; fileRef = 82AD4B841C6FD9D8002F9E8E /* MoviesViewController.swift */; };
		82DEDC9F1C6FFED5001821DA /* MovieCell.swift in Sources */ = {isa = PBXBuildFile; fileRef = 82DEDC9E1C6FFED5001821DA /* MovieCell.swift */; };
/* End PBXBuildFile section */

/* Begin PBXFileReference section */
		0B756ED04E44DCD261297B64 /* Pods.release.xcconfig */ = {isa = PBXFileReference; includeInIndex = 1; lastKnownFileType = text.xcconfig; name = Pods.release.xcconfig; path = "Pods/Target Support Files/Pods/Pods.release.xcconfig"; sourceTree = "<group>"; };
		3A1CB30BFD31BED1D5BCF006 /* Pods.framework */ = {isa = PBXFileReference; explicitFileType = wrapper.framework; includeInIndex = 0; path = Pods.framework; sourceTree = BUILT_PRODUCTS_DIR; };
		8229DA631C6FC6E9000A04FF /* MovieFlix.app */ = {isa = PBXFileReference; explicitFileType = wrapper.application; includeInIndex = 0; path = MovieFlix.app; sourceTree = BUILT_PRODUCTS_DIR; };
		8229DA661C6FC6E9000A04FF /* AppDelegate.swift */ = {isa = PBXFileReference; lastKnownFileType = sourcecode.swift; path = AppDelegate.swift; sourceTree = "<group>"; };
		8229DA6B1C6FC6E9000A04FF /* Base */ = {isa = PBXFileReference; lastKnownFileType = file.storyboard; name = Base; path = Base.lproj/Main.storyboard; sourceTree = "<group>"; };
		8229DA6D1C6FC6E9000A04FF /* Assets.xcassets */ = {isa = PBXFileReference; lastKnownFileType = folder.assetcatalog; path = Assets.xcassets; sourceTree = "<group>"; };
		8229DA701C6FC6E9000A04FF /* Base */ = {isa = PBXFileReference; lastKnownFileType = file.storyboard; name = Base; path = Base.lproj/LaunchScreen.storyboard; sourceTree = "<group>"; };
		8229DA721C6FC6E9000A04FF /* Info.plist */ = {isa = PBXFileReference; lastKnownFileType = text.plist.xml; path = Info.plist; sourceTree = "<group>"; };
		82AD4B841C6FD9D8002F9E8E /* MoviesViewController.swift */ = {isa = PBXFileReference; fileEncoding = 4; lastKnownFileType = sourcecode.swift; path = MoviesViewController.swift; sourceTree = "<group>"; };
		82DEDC9E1C6FFED5001821DA /* MovieCell.swift */ = {isa = PBXFileReference; fileEncoding = 4; lastKnownFileType = sourcecode.swift; path = MovieCell.swift; sourceTree = "<group>"; };
		CAB19BDA5F24694FAFBEED85 /* Pods.debug.xcconfig */ = {isa = PBXFileReference; includeInIndex = 1; lastKnownFileType = text.xcconfig; name = Pods.debug.xcconfig; path = "Pods/Target Support Files/Pods/Pods.debug.xcconfig"; sourceTree = "<group>"; };
/* End PBXFileReference section */

/* Begin PBXFrameworksBuildPhase section */
		8229DA601C6FC6E9000A04FF /* Frameworks */ = {
			isa = PBXFrameworksBuildPhase;
			buildActionMask = 2147483647;
			files = (
				49CD39B899EBCC89BD14D717 /* Pods.framework in Frameworks */,
			);
			runOnlyForDeploymentPostprocessing = 0;
		};
/* End PBXFrameworksBuildPhase section */

/* Begin PBXGroup section */
		277FD1F6348AF21BB05F48FB /* Pods */ = {
			isa = PBXGroup;
			children = (
				CAB19BDA5F24694FAFBEED85 /* Pods.debug.xcconfig */,
				0B756ED04E44DCD261297B64 /* Pods.release.xcconfig */,
			);
			name = Pods;
			sourceTree = "<group>";
		};
		42D6F96C02EE008D27D12085 /* Frameworks */ = {
			isa = PBXGroup;
			children = (
				3A1CB30BFD31BED1D5BCF006 /* Pods.framework */,
			);
			name = Frameworks;
			sourceTree = "<group>";
		};
		8229DA5A1C6FC6E9000A04FF = {
			isa = PBXGroup;
			children = (
				8229DA651C6FC6E9000A04FF /* MovieFlix */,
				8229DA641C6FC6E9000A04FF /* Products */,
				277FD1F6348AF21BB05F48FB /* Pods */,
				42D6F96C02EE008D27D12085 /* Frameworks */,
			);
			sourceTree = "<group>";
		};
		8229DA641C6FC6E9000A04FF /* Products */ = {
			isa = PBXGroup;
			children = (
				8229DA631C6FC6E9000A04FF /* MovieFlix.app */,
			);
			name = Products;
			sourceTree = "<group>";
		};
		8229DA651C6FC6E9000A04FF /* MovieFlix */ = {
			isa = PBXGroup;
			children = (
				82DEDCA01C6FFEF4001821DA /* ViewController */,
				82DEDC9D1C6FFE6F001821DA /* Views */,
				8229DA661C6FC6E9000A04FF /* AppDelegate.swift */,
				8229DA6A1C6FC6E9000A04FF /* Main.storyboard */,
				8229DA6D1C6FC6E9000A04FF /* Assets.xcassets */,
				8229DA6F1C6FC6E9000A04FF /* LaunchScreen.storyboard */,
				8229DA721C6FC6E9000A04FF /* Info.plist */,
			);
			path = MovieFlix;
			sourceTree = "<group>";
		};
		82DEDC9D1C6FFE6F001821DA /* Views */ = {
			isa = PBXGroup;
			children = (
				82DEDC9E1C6FFED5001821DA /* MovieCell.swift */,
			);
			name = Views;
			sourceTree = "<group>";
		};
		82DEDCA01C6FFEF4001821DA /* ViewController */ = {
			isa = PBXGroup;
			children = (
				82AD4B841C6FD9D8002F9E8E /* MoviesViewController.swift */,
			);
			name = ViewController;
			sourceTree = "<group>";
		};
/* End PBXGroup section */

/* Begin PBXNativeTarget section */
		8229DA621C6FC6E9000A04FF /* MovieFlix */ = {
			isa = PBXNativeTarget;
			buildConfigurationList = 8229DA751C6FC6E9000A04FF /* Build configuration list for PBXNativeTarget "MovieFlix" */;
			buildPhases = (
				D0A718913333A04D5913EFF3 /* Check Pods Manifest.lock */,
				8229DA5F1C6FC6E9000A04FF /* Sources */,
				8229DA601C6FC6E9000A04FF /* Frameworks */,
				8229DA611C6FC6E9000A04FF /* Resources */,
				386AE02F289F12BDC79E7B0A /* Embed Pods Frameworks */,
				E141A58E94394DF4E4DCFA2C /* Copy Pods Resources */,
			);
			buildRules = (
			);
			dependencies = (
			);
			name = MovieFlix;
			productName = MovieFlix;
			productReference = 8229DA631C6FC6E9000A04FF /* MovieFlix.app */;
			productType = "com.apple.product-type.application";
		};
/* End PBXNativeTarget section */

/* Begin PBXProject section */
		8229DA5B1C6FC6E9000A04FF /* Project object */ = {
			isa = PBXProject;
			attributes = {
				LastSwiftUpdateCheck = 0720;
				LastUpgradeCheck = 0720;
				ORGANIZATIONNAME = "Sumaiya Mansur";
				TargetAttributes = {
					8229DA621C6FC6E9000A04FF = {
						CreatedOnToolsVersion = 7.2.1;
					};
				};
			};
			buildConfigurationList = 8229DA5E1C6FC6E9000A04FF /* Build configuration list for PBXProject "MovieFlix" */;
			compatibilityVersion = "Xcode 3.2";
			developmentRegion = English;
			hasScannedForEncodings = 0;
			knownRegions = (
				en,
				Base,
			);
			mainGroup = 8229DA5A1C6FC6E9000A04FF;
			productRefGroup = 8229DA641C6FC6E9000A04FF /* Products */;
			projectDirPath = "";
			projectRoot = "";
			targets = (
				8229DA621C6FC6E9000A04FF /* MovieFlix */,
			);
		};
/* End PBXProject section */

/* Begin PBXResourcesBuildPhase section */
		8229DA611C6FC6E9000A04FF /* Resources */ = {
			isa = PBXResourcesBuildPhase;
			buildActionMask = 2147483647;
			files = (
				8229DA711C6FC6E9000A04FF /* LaunchScreen.storyboard in Resources */,
				8229DA6E1C6FC6E9000A04FF /* Assets.xcassets in Resources */,
				8229DA6C1C6FC6E9000A04FF /* Main.storyboard in Resources */,
			);
			runOnlyForDeploymentPostprocessing = 0;
		};
/* End PBXResourcesBuildPhase section */

/* Begin PBXShellScriptBuildPhase section */
		386AE02F289F12BDC79E7B0A /* Embed Pods Frameworks */ = {
			isa = PBXShellScriptBuildPhase;
			buildActionMask = 2147483647;
			files = (
			);
			inputPaths = (
			);
			name = "Embed Pods Frameworks";
			outputPaths = (
			);
			runOnlyForDeploymentPostprocessing = 0;
			shellPath = /bin/sh;
			shellScript = "\"${SRCROOT}/Pods/Target Support Files/Pods/Pods-frameworks.sh\"\n";
			showEnvVarsInLog = 0;
		};
		D0A718913333A04D5913EFF3 /* Check Pods Manifest.lock */ = {
			isa = PBXShellScriptBuildPhase;
			buildActionMask = 2147483647;
			files = (
			);
			inputPaths = (
			);
			name = "Check Pods Manifest.lock";
			outputPaths = (
			);
			runOnlyForDeploymentPostprocessing = 0;
			shellPath = /bin/sh;
			shellScript = "diff \"${PODS_ROOT}/../Podfile.lock\" \"${PODS_ROOT}/Manifest.lock\" > /dev/null\nif [[ $? != 0 ]] ; then\n    cat << EOM\nerror: The sandbox is not in sync with the Podfile.lock. Run 'pod install' or update your CocoaPods installation.\nEOM\n    exit 1\nfi\n";
			showEnvVarsInLog = 0;
		};
		E141A58E94394DF4E4DCFA2C /* Copy Pods Resources */ = {
			isa = PBXShellScriptBuildPhase;
			buildActionMask = 2147483647;
			files = (
			);
			inputPaths = (
			);
			name = "Copy Pods Resources";
			outputPaths = (
			);
			runOnlyForDeploymentPostprocessing = 0;
			shellPath = /bin/sh;
			shellScript = "\"${SRCROOT}/Pods/Target Support Files/Pods/Pods-resources.sh\"\n";
			showEnvVarsInLog = 0;
		};
/* End PBXShellScriptBuildPhase section */

/* Begin PBXSourcesBuildPhase section */
		8229DA5F1C6FC6E9000A04FF /* Sources */ = {
			isa = PBXSourcesBuildPhase;
			buildActionMask = 2147483647;
			files = (
				8229DA671C6FC6E9000A04FF /* AppDelegate.swift in Sources */,
				82AD4B851C6FD9D8002F9E8E /* MoviesViewController.swift in Sources */,
				82DEDC9F1C6FFED5001821DA /* MovieCell.swift in Sources */,
			);
			runOnlyForDeploymentPostprocessing = 0;
		};
/* End PBXSourcesBuildPhase section */

/* Begin PBXVariantGroup section */
		8229DA6A1C6FC6E9000A04FF /* Main.storyboard */ = {
			isa = PBXVariantGroup;
			children = (
				8229DA6B1C6FC6E9000A04FF /* Base */,
			);
			name = Main.storyboard;
			sourceTree = "<group>";
		};
		8229DA6F1C6FC6E9000A04FF /* LaunchScreen.storyboard */ = {
			isa = PBXVariantGroup;
			children = (
				8229DA701C6FC6E9000A04FF /* Base */,
			);
			name = LaunchScreen.storyboard;
			sourceTree = "<group>";
		};
/* End PBXVariantGroup section */

/* Begin XCBuildConfiguration section */
		8229DA731C6FC6E9000A04FF /* Debug */ = {
			isa = XCBuildConfiguration;
			buildSettings = {
				ALWAYS_SEARCH_USER_PATHS = NO;
				CLANG_CXX_LANGUAGE_STANDARD = "gnu++0x";
				CLANG_CXX_LIBRARY = "libc++";
				CLANG_ENABLE_MODULES = YES;
				CLANG_ENABLE_OBJC_ARC = YES;
				CLANG_WARN_BOOL_CONVERSION = YES;
				CLANG_WARN_CONSTANT_CONVERSION = YES;
				CLANG_WARN_DIRECT_OBJC_ISA_USAGE = YES_ERROR;
				CLANG_WARN_EMPTY_BODY = YES;
				CLANG_WARN_ENUM_CONVERSION = YES;
				CLANG_WARN_INT_CONVERSION = YES;
				CLANG_WARN_OBJC_ROOT_CLASS = YES_ERROR;
				CLANG_WARN_UNREACHABLE_CODE = YES;
				CLANG_WARN__DUPLICATE_METHOD_MATCH = YES;
				"CODE_SIGN_IDENTITY[sdk=iphoneos*]" = "iPhone Developer";
				COPY_PHASE_STRIP = NO;
				DEBUG_INFORMATION_FORMAT = dwarf;
				ENABLE_STRICT_OBJC_MSGSEND = YES;
				ENABLE_TESTABILITY = YES;
				GCC_C_LANGUAGE_STANDARD = gnu99;
				GCC_DYNAMIC_NO_PIC = NO;
				GCC_NO_COMMON_BLOCKS = YES;
				GCC_OPTIMIZATION_LEVEL = 0;
				GCC_PREPROCESSOR_DEFINITIONS = (
					"DEBUG=1",
					"$(inherited)",
				);
				GCC_WARN_64_TO_32_BIT_CONVERSION = YES;
				GCC_WARN_ABOUT_RETURN_TYPE = YES_ERROR;
				GCC_WARN_UNDECLARED_SELECTOR = YES;
				GCC_WARN_UNINITIALIZED_AUTOS = YES_AGGRESSIVE;
				GCC_WARN_UNUSED_FUNCTION = YES;
				GCC_WARN_UNUSED_VARIABLE = YES;
				IPHONEOS_DEPLOYMENT_TARGET = 9.2;
				MTL_ENABLE_DEBUG_INFO = YES;
				ONLY_ACTIVE_ARCH = YES;
				SDKROOT = iphoneos;
				SWIFT_OPTIMIZATION_LEVEL = "-Onone";
				TARGETED_DEVICE_FAMILY = "1,2";
			};
			name = Debug;
		};
		8229DA741C6FC6E9000A04FF /* Release */ = {
			isa = XCBuildConfiguration;
			buildSettings = {
				ALWAYS_SEARCH_USER_PATHS = NO;
				CLANG_CXX_LANGUAGE_STANDARD = "gnu++0x";
				CLANG_CXX_LIBRARY = "libc++";
				CLANG_ENABLE_MODULES = YES;
				CLANG_ENABLE_OBJC_ARC = YES;
				CLANG_WARN_BOOL_CONVERSION = YES;
				CLANG_WARN_CONSTANT_CONVERSION = YES;
				CLANG_WARN_DIRECT_OBJC_ISA_USAGE = YES_ERROR;
				CLANG_WARN_EMPTY_BODY = YES;
				CLANG_WARN_ENUM_CONVERSION = YES;
				CLANG_WARN_INT_CONVERSION = YES;
				CLANG_WARN_OBJC_ROOT_CLASS = YES_ERROR;
				CLANG_WARN_UNREACHABLE_CODE = YES;
				CLANG_WARN__DUPLICATE_METHOD_MATCH = YES;
				"CODE_SIGN_IDENTITY[sdk=iphoneos*]" = "iPhone Developer";
				COPY_PHASE_STRIP = NO;
				DEBUG_INFORMATION_FORMAT = "dwarf-with-dsym";
				ENABLE_NS_ASSERTIONS = NO;
				ENABLE_STRICT_OBJC_MSGSEND = YES;
				GCC_C_LANGUAGE_STANDARD = gnu99;
				GCC_NO_COMMON_BLOCKS = YES;
				GCC_WARN_64_TO_32_BIT_CONVERSION = YES;
				GCC_WARN_ABOUT_RETURN_TYPE = YES_ERROR;
				GCC_WARN_UNDECLARED_SELECTOR = YES;
				GCC_WARN_UNINITIALIZED_AUTOS = YES_AGGRESSIVE;
				GCC_WARN_UNUSED_FUNCTION = YES;
				GCC_WARN_UNUSED_VARIABLE = YES;
				IPHONEOS_DEPLOYMENT_TARGET = 9.2;
				MTL_ENABLE_DEBUG_INFO = NO;
				SDKROOT = iphoneos;
				TARGETED_DEVICE_FAMILY = "1,2";
				VALIDATE_PRODUCT = YES;
			};
			name = Release;
		};
		8229DA761C6FC6E9000A04FF /* Debug */ = {
			isa = XCBuildConfiguration;
			baseConfigurationReference = CAB19BDA5F24694FAFBEED85 /* Pods.debug.xcconfig */;
			buildSettings = {
				ASSETCATALOG_COMPILER_APPICON_NAME = AppIcon;
				INFOPLIST_FILE = MovieFlix/Info.plist;
				LD_RUNPATH_SEARCH_PATHS = "$(inherited) @executable_path/Frameworks";
				PRODUCT_BUNDLE_IDENTIFIER = Pearsman.MovieFlix;
				PRODUCT_NAME = "$(TARGET_NAME)";
			};
			name = Debug;
		};
		8229DA771C6FC6E9000A04FF /* Release */ = {
			isa = XCBuildConfiguration;
			baseConfigurationReference = 0B756ED04E44DCD261297B64 /* Pods.release.xcconfig */;
			buildSettings = {
				ASSETCATALOG_COMPILER_APPICON_NAME = AppIcon;
				INFOPLIST_FILE = MovieFlix/Info.plist;
				LD_RUNPATH_SEARCH_PATHS = "$(inherited) @executable_path/Frameworks";
				PRODUCT_BUNDLE_IDENTIFIER = Pearsman.MovieFlix;
				PRODUCT_NAME = "$(TARGET_NAME)";
			};
			name = Release;
		};
/* End XCBuildConfiguration section */

/* Begin XCConfigurationList section */
		8229DA5E1C6FC6E9000A04FF /* Build configuration list for PBXProject "MovieFlix" */ = {
			isa = XCConfigurationList;
			buildConfigurations = (
				8229DA731C6FC6E9000A04FF /* Debug */,
				8229DA741C6FC6E9000A04FF /* Release */,
			);
			defaultConfigurationIsVisible = 0;
			defaultConfigurationName = Release;
		};
		8229DA751C6FC6E9000A04FF /* Build configuration list for PBXNativeTarget "MovieFlix" */ = {
			isa = XCConfigurationList;
			buildConfigurations = (
				8229DA761C6FC6E9000A04FF /* Debug */,
				8229DA771C6FC6E9000A04FF /* Release */,
			);
			defaultConfigurationIsVisible = 0;
			defaultConfigurationName = Release;
		};
/* End XCConfigurationList section */
	};
	rootObject = 8229DA5B1C6FC6E9000A04FF /* Project object */;
}
